// !$*UTF8*$!
{
	archiveVersion = 1;
	classes = {
	};
	objectVersion = 55;
	objects = {

/* Begin PBXBuildFile section */
		495997CF2887E571001A9E36 /* AppDelegate.swift in Sources */ = {isa = PBXBuildFile; fileRef = 495997CE2887E571001A9E36 /* AppDelegate.swift */; };
		495997D12887E571001A9E36 /* SceneDelegate.swift in Sources */ = {isa = PBXBuildFile; fileRef = 495997D02887E571001A9E36 /* SceneDelegate.swift */; };
		495997D62887E571001A9E36 /* Main.storyboard in Resources */ = {isa = PBXBuildFile; fileRef = 495997D42887E571001A9E36 /* Main.storyboard */; };
		495997D82887E575001A9E36 /* Assets.xcassets in Resources */ = {isa = PBXBuildFile; fileRef = 495997D72887E575001A9E36 /* Assets.xcassets */; };
		495997DB2887E575001A9E36 /* LaunchScreen.storyboard in Resources */ = {isa = PBXBuildFile; fileRef = 495997D92887E575001A9E36 /* LaunchScreen.storyboard */; };
		49917CEA288C14FE00B91452 /* ProductNavigationController.swift in Sources */ = {isa = PBXBuildFile; fileRef = 49917CE9288C14FE00B91452 /* ProductNavigationController.swift */; };
		49917CEC288C150F00B91452 /* CartNavigationController.swift in Sources */ = {isa = PBXBuildFile; fileRef = 49917CEB288C150F00B91452 /* CartNavigationController.swift */; };
		49917CEE288C151D00B91452 /* ProfileNavigationController.swift in Sources */ = {isa = PBXBuildFile; fileRef = 49917CED288C151D00B91452 /* ProfileNavigationController.swift */; };
		49917CF0288C154200B91452 /* ProfileViewController.swift in Sources */ = {isa = PBXBuildFile; fileRef = 49917CEF288C154200B91452 /* ProfileViewController.swift */; };
		49917CF2288C155300B91452 /* CartViewController.swift in Sources */ = {isa = PBXBuildFile; fileRef = 49917CF1288C155300B91452 /* CartViewController.swift */; };
		49917CF4288C156300B91452 /* ProductViewController.swift in Sources */ = {isa = PBXBuildFile; fileRef = 49917CF3288C156300B91452 /* ProductViewController.swift */; };
		49AFB25B2889350300A452A8 /* Root.storyboard in Resources */ = {isa = PBXBuildFile; fileRef = 49AFB2592889350300A452A8 /* Root.storyboard */; };
		49AFB25E2889351800A452A8 /* Signing.storyboard in Resources */ = {isa = PBXBuildFile; fileRef = 49AFB25C2889351800A452A8 /* Signing.storyboard */; };
		49AFB267288935D100A452A8 /* RootViewController.swift in Sources */ = {isa = PBXBuildFile; fileRef = 49AFB266288935D100A452A8 /* RootViewController.swift */; };
		49AFB269288935F200A452A8 /* SplashViewController.swift in Sources */ = {isa = PBXBuildFile; fileRef = 49AFB268288935F200A452A8 /* SplashViewController.swift */; };
		49AFB26B2889362300A452A8 /* OnboardingViewController.swift in Sources */ = {isa = PBXBuildFile; fileRef = 49AFB26A2889362300A452A8 /* OnboardingViewController.swift */; };
		49AFB26D2889381500A452A8 /* SigningViewController.swift in Sources */ = {isa = PBXBuildFile; fileRef = 49AFB26C2889381500A452A8 /* SigningViewController.swift */; };
		49AFB26F2889385200A452A8 /* MainViewController.swift in Sources */ = {isa = PBXBuildFile; fileRef = 49AFB26E2889385200A452A8 /* MainViewController.swift */; };
		49AFB2722889494100A452A8 /* UIViewController+Extension.swift in Sources */ = {isa = PBXBuildFile; fileRef = 49AFB2712889494100A452A8 /* UIViewController+Extension.swift */; };
		49AFB27428894A0F00A452A8 /* UIStoryboard+Extension.swift in Sources */ = {isa = PBXBuildFile; fileRef = 49AFB27328894A0F00A452A8 /* UIStoryboard+Extension.swift */; };
		DCD044CDA7F74C2A7186A3F5 /* Pods_DummyShop.framework in Frameworks */ = {isa = PBXBuildFile; fileRef = 393CEA4D5AD22C7A72F59B7D /* Pods_DummyShop.framework */; };
/* End PBXBuildFile section */

/* Begin PBXFileReference section */
		393CEA4D5AD22C7A72F59B7D /* Pods_DummyShop.framework */ = {isa = PBXFileReference; explicitFileType = wrapper.framework; includeInIndex = 0; path = Pods_DummyShop.framework; sourceTree = BUILT_PRODUCTS_DIR; };
		4241480758E021784152EAA0 /* Pods-DummyShop.debug.xcconfig */ = {isa = PBXFileReference; includeInIndex = 1; lastKnownFileType = text.xcconfig; name = "Pods-DummyShop.debug.xcconfig"; path = "Target Support Files/Pods-DummyShop/Pods-DummyShop.debug.xcconfig"; sourceTree = "<group>"; };
		495997CB2887E571001A9E36 /* DummyShop.app */ = {isa = PBXFileReference; explicitFileType = wrapper.application; includeInIndex = 0; path = DummyShop.app; sourceTree = BUILT_PRODUCTS_DIR; };
		495997CE2887E571001A9E36 /* AppDelegate.swift */ = {isa = PBXFileReference; lastKnownFileType = sourcecode.swift; path = AppDelegate.swift; sourceTree = "<group>"; };
		495997D02887E571001A9E36 /* SceneDelegate.swift */ = {isa = PBXFileReference; lastKnownFileType = sourcecode.swift; path = SceneDelegate.swift; sourceTree = "<group>"; };
		495997D52887E571001A9E36 /* Base */ = {isa = PBXFileReference; lastKnownFileType = file.storyboard; name = Base; path = Base.lproj/Main.storyboard; sourceTree = "<group>"; };
		495997D72887E575001A9E36 /* Assets.xcassets */ = {isa = PBXFileReference; lastKnownFileType = folder.assetcatalog; path = Assets.xcassets; sourceTree = "<group>"; };
		495997DA2887E575001A9E36 /* Base */ = {isa = PBXFileReference; lastKnownFileType = file.storyboard; name = Base; path = Base.lproj/LaunchScreen.storyboard; sourceTree = "<group>"; };
		495997DC2887E575001A9E36 /* Info.plist */ = {isa = PBXFileReference; lastKnownFileType = text.plist.xml; path = Info.plist; sourceTree = "<group>"; };
		49917CE9288C14FE00B91452 /* ProductNavigationController.swift */ = {isa = PBXFileReference; lastKnownFileType = sourcecode.swift; path = ProductNavigationController.swift; sourceTree = "<group>"; };
		49917CEB288C150F00B91452 /* CartNavigationController.swift */ = {isa = PBXFileReference; lastKnownFileType = sourcecode.swift; path = CartNavigationController.swift; sourceTree = "<group>"; };
		49917CED288C151D00B91452 /* ProfileNavigationController.swift */ = {isa = PBXFileReference; lastKnownFileType = sourcecode.swift; path = ProfileNavigationController.swift; sourceTree = "<group>"; };
		49917CEF288C154200B91452 /* ProfileViewController.swift */ = {isa = PBXFileReference; lastKnownFileType = sourcecode.swift; path = ProfileViewController.swift; sourceTree = "<group>"; };
		49917CF1288C155300B91452 /* CartViewController.swift */ = {isa = PBXFileReference; lastKnownFileType = sourcecode.swift; path = CartViewController.swift; sourceTree = "<group>"; };
		49917CF3288C156300B91452 /* ProductViewController.swift */ = {isa = PBXFileReference; lastKnownFileType = sourcecode.swift; path = ProductViewController.swift; sourceTree = "<group>"; };
		49AFB25A2889350300A452A8 /* Base */ = {isa = PBXFileReference; lastKnownFileType = file.storyboard; name = Base; path = Base.lproj/Root.storyboard; sourceTree = "<group>"; };
		49AFB25D2889351800A452A8 /* Base */ = {isa = PBXFileReference; lastKnownFileType = file.storyboard; name = Base; path = Base.lproj/Signing.storyboard; sourceTree = "<group>"; };
		49AFB266288935D100A452A8 /* RootViewController.swift */ = {isa = PBXFileReference; lastKnownFileType = sourcecode.swift; path = RootViewController.swift; sourceTree = "<group>"; };
		49AFB268288935F200A452A8 /* SplashViewController.swift */ = {isa = PBXFileReference; lastKnownFileType = sourcecode.swift; path = SplashViewController.swift; sourceTree = "<group>"; };
		49AFB26A2889362300A452A8 /* OnboardingViewController.swift */ = {isa = PBXFileReference; lastKnownFileType = sourcecode.swift; path = OnboardingViewController.swift; sourceTree = "<group>"; };
		49AFB26C2889381500A452A8 /* SigningViewController.swift */ = {isa = PBXFileReference; lastKnownFileType = sourcecode.swift; path = SigningViewController.swift; sourceTree = "<group>"; };
		49AFB26E2889385200A452A8 /* MainViewController.swift */ = {isa = PBXFileReference; lastKnownFileType = sourcecode.swift; path = MainViewController.swift; sourceTree = "<group>"; };
		49AFB2712889494100A452A8 /* UIViewController+Extension.swift */ = {isa = PBXFileReference; lastKnownFileType = sourcecode.swift; path = "UIViewController+Extension.swift"; sourceTree = "<group>"; };
		49AFB27328894A0F00A452A8 /* UIStoryboard+Extension.swift */ = {isa = PBXFileReference; lastKnownFileType = sourcecode.swift; path = "UIStoryboard+Extension.swift"; sourceTree = "<group>"; };
		A4ADEF2154AFED69502A93B3 /* Pods-DummyShop.release.xcconfig */ = {isa = PBXFileReference; includeInIndex = 1; lastKnownFileType = text.xcconfig; name = "Pods-DummyShop.release.xcconfig"; path = "Target Support Files/Pods-DummyShop/Pods-DummyShop.release.xcconfig"; sourceTree = "<group>"; };
/* End PBXFileReference section */

/* Begin PBXFrameworksBuildPhase section */
		495997C82887E571001A9E36 /* Frameworks */ = {
			isa = PBXFrameworksBuildPhase;
			buildActionMask = 2147483647;
			files = (
				DCD044CDA7F74C2A7186A3F5 /* Pods_DummyShop.framework in Frameworks */,
			);
			runOnlyForDeploymentPostprocessing = 0;
		};
/* End PBXFrameworksBuildPhase section */

/* Begin PBXGroup section */
		182E4CF01A7D9B4A2225AE8B /* Frameworks */ = {
			isa = PBXGroup;
			children = (
				393CEA4D5AD22C7A72F59B7D /* Pods_DummyShop.framework */,
			);
			name = Frameworks;
			sourceTree = "<group>";
		};
		495997C22887E571001A9E36 = {
			isa = PBXGroup;
			children = (
				495997CD2887E571001A9E36 /* Apps */,
				495997E22887E730001A9E36 /* Scenes */,
				495997E32887E752001A9E36 /* Storyboards */,
				495997E42887E963001A9E36 /* Supports */,
				495997CC2887E571001A9E36 /* Products */,
				F78871167918048C6E4D312A /* Pods */,
				182E4CF01A7D9B4A2225AE8B /* Frameworks */,
			);
			sourceTree = "<group>";
		};
		495997CC2887E571001A9E36 /* Products */ = {
			isa = PBXGroup;
			children = (
				495997CB2887E571001A9E36 /* DummyShop.app */,
			);
			name = Products;
			sourceTree = "<group>";
		};
		495997CD2887E571001A9E36 /* Apps */ = {
			isa = PBXGroup;
			children = (
				495997CE2887E571001A9E36 /* AppDelegate.swift */,
				495997D02887E571001A9E36 /* SceneDelegate.swift */,
				49AFB2702889489600A452A8 /* Extensions */,
			);
			path = Apps;
			sourceTree = "<group>";
		};
		495997E22887E730001A9E36 /* Scenes */ = {
			isa = PBXGroup;
			children = (
				49917CE7288C149C00B91452 /* Cart */,
				49AFB263288935A300A452A8 /* Main */,
				49AFB265288935B000A452A8 /* Onboarding */,
				49917CE6288C148C00B91452 /* Product */,
				49917CE8288C14A400B91452 /* Profile */,
				49AFB2622889359000A452A8 /* Root */,
				49AFB264288935AA00A452A8 /* Signing */,
			);
			path = Scenes;
			sourceTree = "<group>";
		};
		495997E32887E752001A9E36 /* Storyboards */ = {
			isa = PBXGroup;
			children = (
				495997D92887E575001A9E36 /* LaunchScreen.storyboard */,
				495997D42887E571001A9E36 /* Main.storyboard */,
				49AFB2592889350300A452A8 /* Root.storyboard */,
				49AFB25C2889351800A452A8 /* Signing.storyboard */,
			);
			path = Storyboards;
			sourceTree = "<group>";
		};
		495997E42887E963001A9E36 /* Supports */ = {
			isa = PBXGroup;
			children = (
				495997D72887E575001A9E36 /* Assets.xcassets */,
				495997DC2887E575001A9E36 /* Info.plist */,
			);
			path = Supports;
			sourceTree = "<group>";
		};
		49917CE6288C148C00B91452 /* Product */ = {
			isa = PBXGroup;
			children = (
				49917CE9288C14FE00B91452 /* ProductNavigationController.swift */,
				49917CF3288C156300B91452 /* ProductViewController.swift */,
			);
			path = Product;
			sourceTree = "<group>";
		};
		49917CE7288C149C00B91452 /* Cart */ = {
			isa = PBXGroup;
			children = (
				49917CEB288C150F00B91452 /* CartNavigationController.swift */,
				49917CF1288C155300B91452 /* CartViewController.swift */,
			);
			path = Cart;
			sourceTree = "<group>";
		};
		49917CE8288C14A400B91452 /* Profile */ = {
			isa = PBXGroup;
			children = (
				49917CED288C151D00B91452 /* ProfileNavigationController.swift */,
				49917CEF288C154200B91452 /* ProfileViewController.swift */,
			);
			path = Profile;
			sourceTree = "<group>";
		};
		49AFB2622889359000A452A8 /* Root */ = {
			isa = PBXGroup;
			children = (
				49AFB266288935D100A452A8 /* RootViewController.swift */,
				49AFB268288935F200A452A8 /* SplashViewController.swift */,
			);
			path = Root;
			sourceTree = "<group>";
		};
		49AFB263288935A300A452A8 /* Main */ = {
			isa = PBXGroup;
			children = (
				49AFB26E2889385200A452A8 /* MainViewController.swift */,
			);
			path = Main;
			sourceTree = "<group>";
		};
		49AFB264288935AA00A452A8 /* Signing */ = {
			isa = PBXGroup;
			children = (
				49AFB26C2889381500A452A8 /* SigningViewController.swift */,
			);
			path = Signing;
			sourceTree = "<group>";
		};
		49AFB265288935B000A452A8 /* Onboarding */ = {
			isa = PBXGroup;
			children = (
				49AFB26A2889362300A452A8 /* OnboardingViewController.swift */,
			);
			path = Onboarding;
			sourceTree = "<group>";
		};
		49AFB2702889489600A452A8 /* Extensions */ = {
			isa = PBXGroup;
			children = (
				49AFB2712889494100A452A8 /* UIViewController+Extension.swift */,
				49AFB27328894A0F00A452A8 /* UIStoryboard+Extension.swift */,
			);
			path = Extensions;
			sourceTree = "<group>";
		};
		F78871167918048C6E4D312A /* Pods */ = {
			isa = PBXGroup;
			children = (
				4241480758E021784152EAA0 /* Pods-DummyShop.debug.xcconfig */,
				A4ADEF2154AFED69502A93B3 /* Pods-DummyShop.release.xcconfig */,
			);
			path = Pods;
			sourceTree = "<group>";
		};
/* End PBXGroup section */

/* Begin PBXNativeTarget section */
		495997CA2887E571001A9E36 /* DummyShop */ = {
			isa = PBXNativeTarget;
			buildConfigurationList = 495997DF2887E575001A9E36 /* Build configuration list for PBXNativeTarget "DummyShop" */;
			buildPhases = (
				49EF62C1288809B3001B7EFF /* SwiftLint */,
				616748399002928C37531330 /* [CP] Check Pods Manifest.lock */,
				495997C72887E571001A9E36 /* Sources */,
				495997C82887E571001A9E36 /* Frameworks */,
				495997C92887E571001A9E36 /* Resources */,
			);
			buildRules = (
			);
			dependencies = (
			);
			name = DummyShop;
			productName = DummyShop;
			productReference = 495997CB2887E571001A9E36 /* DummyShop.app */;
			productType = "com.apple.product-type.application";
		};
/* End PBXNativeTarget section */

/* Begin PBXProject section */
		495997C32887E571001A9E36 /* Project object */ = {
			isa = PBXProject;
			attributes = {
				BuildIndependentTargetsInParallel = 1;
				LastSwiftUpdateCheck = 1340;
				LastUpgradeCheck = 1340;
				ORGANIZATIONNAME = Tinygram;
				TargetAttributes = {
					495997CA2887E571001A9E36 = {
						CreatedOnToolsVersion = 13.4.1;
					};
				};
			};
			buildConfigurationList = 495997C62887E571001A9E36 /* Build configuration list for PBXProject "DummyShop" */;
			compatibilityVersion = "Xcode 13.0";
			developmentRegion = en;
			hasScannedForEncodings = 0;
			knownRegions = (
				en,
				Base,
			);
			mainGroup = 495997C22887E571001A9E36;
			productRefGroup = 495997CC2887E571001A9E36 /* Products */;
			projectDirPath = "";
			projectRoot = "";
			targets = (
				495997CA2887E571001A9E36 /* DummyShop */,
			);
		};
/* End PBXProject section */

/* Begin PBXResourcesBuildPhase section */
		495997C92887E571001A9E36 /* Resources */ = {
			isa = PBXResourcesBuildPhase;
			buildActionMask = 2147483647;
			files = (
				495997DB2887E575001A9E36 /* LaunchScreen.storyboard in Resources */,
				49AFB25E2889351800A452A8 /* Signing.storyboard in Resources */,
				495997D82887E575001A9E36 /* Assets.xcassets in Resources */,
				49AFB25B2889350300A452A8 /* Root.storyboard in Resources */,
				495997D62887E571001A9E36 /* Main.storyboard in Resources */,
			);
			runOnlyForDeploymentPostprocessing = 0;
		};
/* End PBXResourcesBuildPhase section */

/* Begin PBXShellScriptBuildPhase section */
		49EF62C1288809B3001B7EFF /* SwiftLint */ = {
			isa = PBXShellScriptBuildPhase;
			buildActionMask = 2147483647;
			files = (
			);
			inputFileListPaths = (
			);
			inputPaths = (
			);
			name = SwiftLint;
			outputFileListPaths = (
			);
			outputPaths = (
			);
			runOnlyForDeploymentPostprocessing = 0;
			shellPath = /bin/sh;
			shellScript = "\"${PODS_ROOT}/SwiftLint/swiftlint\"\nif which swiftlint >/dev/null; then\n  swiftlint autocorrect --format\nelse\n  echo \"warning: SwiftLint not installed, download from https://github.com/realm/SwiftLint\"\nfi\n";
		};
		616748399002928C37531330 /* [CP] Check Pods Manifest.lock */ = {
			isa = PBXShellScriptBuildPhase;
			buildActionMask = 2147483647;
			files = (
			);
			inputFileListPaths = (
			);
			inputPaths = (
				"${PODS_PODFILE_DIR_PATH}/Podfile.lock",
				"${PODS_ROOT}/Manifest.lock",
			);
			name = "[CP] Check Pods Manifest.lock";
			outputFileListPaths = (
			);
			outputPaths = (
				"$(DERIVED_FILE_DIR)/Pods-DummyShop-checkManifestLockResult.txt",
			);
			runOnlyForDeploymentPostprocessing = 0;
			shellPath = /bin/sh;
			shellScript = "diff \"${PODS_PODFILE_DIR_PATH}/Podfile.lock\" \"${PODS_ROOT}/Manifest.lock\" > /dev/null\nif [ $? != 0 ] ; then\n    # print error to STDERR\n    echo \"error: The sandbox is not in sync with the Podfile.lock. Run 'pod install' or update your CocoaPods installation.\" >&2\n    exit 1\nfi\n# This output is used by Xcode 'outputs' to avoid re-running this script phase.\necho \"SUCCESS\" > \"${SCRIPT_OUTPUT_FILE_0}\"\n";
			showEnvVarsInLog = 0;
		};
/* End PBXShellScriptBuildPhase section */

/* Begin PBXSourcesBuildPhase section */
		495997C72887E571001A9E36 /* Sources */ = {
			isa = PBXSourcesBuildPhase;
			buildActionMask = 2147483647;
			files = (
				49AFB2722889494100A452A8 /* UIViewController+Extension.swift in Sources */,
				49AFB26F2889385200A452A8 /* MainViewController.swift in Sources */,
				49917CF2288C155300B91452 /* CartViewController.swift in Sources */,
				49917CF4288C156300B91452 /* ProductViewController.swift in Sources */,
				49AFB26D2889381500A452A8 /* SigningViewController.swift in Sources */,
				495997CF2887E571001A9E36 /* AppDelegate.swift in Sources */,
				49917CEC288C150F00B91452 /* CartNavigationController.swift in Sources */,
				49AFB26B2889362300A452A8 /* OnboardingViewController.swift in Sources */,
				49AFB267288935D100A452A8 /* RootViewController.swift in Sources */,
				49917CEE288C151D00B91452 /* ProfileNavigationController.swift in Sources */,
				495997D12887E571001A9E36 /* SceneDelegate.swift in Sources */,
				49917CEA288C14FE00B91452 /* ProductNavigationController.swift in Sources */,
				49917CF0288C154200B91452 /* ProfileViewController.swift in Sources */,
				49AFB269288935F200A452A8 /* SplashViewController.swift in Sources */,
				49AFB27428894A0F00A452A8 /* UIStoryboard+Extension.swift in Sources */,
			);
			runOnlyForDeploymentPostprocessing = 0;
		};
/* End PBXSourcesBuildPhase section */

/* Begin PBXVariantGroup section */
		495997D42887E571001A9E36 /* Main.storyboard */ = {
			isa = PBXVariantGroup;
			children = (
				495997D52887E571001A9E36 /* Base */,
			);
			name = Main.storyboard;
			sourceTree = "<group>";
		};
		495997D92887E575001A9E36 /* LaunchScreen.storyboard */ = {
			isa = PBXVariantGroup;
			children = (
				495997DA2887E575001A9E36 /* Base */,
			);
			name = LaunchScreen.storyboard;
			sourceTree = "<group>";
		};
		49AFB2592889350300A452A8 /* Root.storyboard */ = {
			isa = PBXVariantGroup;
			children = (
				49AFB25A2889350300A452A8 /* Base */,
			);
			name = Root.storyboard;
			sourceTree = "<group>";
		};
		49AFB25C2889351800A452A8 /* Signing.storyboard */ = {
			isa = PBXVariantGroup;
			children = (
				49AFB25D2889351800A452A8 /* Base */,
			);
			name = Signing.storyboard;
			sourceTree = "<group>";
		};
/* End PBXVariantGroup section */

/* Begin XCBuildConfiguration section */
		495997DD2887E575001A9E36 /* Debug */ = {
			isa = XCBuildConfiguration;
			buildSettings = {
				ALWAYS_SEARCH_USER_PATHS = NO;
				CLANG_ANALYZER_NONNULL = YES;
				CLANG_ANALYZER_NUMBER_OBJECT_CONVERSION = YES_AGGRESSIVE;
				CLANG_CXX_LANGUAGE_STANDARD = "gnu++17";
				CLANG_ENABLE_MODULES = YES;
				CLANG_ENABLE_OBJC_ARC = YES;
				CLANG_ENABLE_OBJC_WEAK = YES;
				CLANG_WARN_BLOCK_CAPTURE_AUTORELEASING = YES;
				CLANG_WARN_BOOL_CONVERSION = YES;
				CLANG_WARN_COMMA = YES;
				CLANG_WARN_CONSTANT_CONVERSION = YES;
				CLANG_WARN_DEPRECATED_OBJC_IMPLEMENTATIONS = YES;
				CLANG_WARN_DIRECT_OBJC_ISA_USAGE = YES_ERROR;
				CLANG_WARN_DOCUMENTATION_COMMENTS = YES;
				CLANG_WARN_EMPTY_BODY = YES;
				CLANG_WARN_ENUM_CONVERSION = YES;
				CLANG_WARN_INFINITE_RECURSION = YES;
				CLANG_WARN_INT_CONVERSION = YES;
				CLANG_WARN_NON_LITERAL_NULL_CONVERSION = YES;
				CLANG_WARN_OBJC_IMPLICIT_RETAIN_SELF = YES;
				CLANG_WARN_OBJC_LITERAL_CONVERSION = YES;
				CLANG_WARN_OBJC_ROOT_CLASS = YES_ERROR;
				CLANG_WARN_QUOTED_INCLUDE_IN_FRAMEWORK_HEADER = YES;
				CLANG_WARN_RANGE_LOOP_ANALYSIS = YES;
				CLANG_WARN_STRICT_PROTOTYPES = YES;
				CLANG_WARN_SUSPICIOUS_MOVE = YES;
				CLANG_WARN_UNGUARDED_AVAILABILITY = YES_AGGRESSIVE;
				CLANG_WARN_UNREACHABLE_CODE = YES;
				CLANG_WARN__DUPLICATE_METHOD_MATCH = YES;
				COPY_PHASE_STRIP = NO;
				DEBUG_INFORMATION_FORMAT = dwarf;
				ENABLE_STRICT_OBJC_MSGSEND = YES;
				ENABLE_TESTABILITY = YES;
				GCC_C_LANGUAGE_STANDARD = gnu11;
				GCC_DYNAMIC_NO_PIC = NO;
				GCC_NO_COMMON_BLOCKS = YES;
				GCC_OPTIMIZATION_LEVEL = 0;
				GCC_PREPROCESSOR_DEFINITIONS = (
					"DEBUG=1",
					"$(inherited)",
				);
				GCC_WARN_64_TO_32_BIT_CONVERSION = YES;
				GCC_WARN_ABOUT_RETURN_TYPE = YES_ERROR;
				GCC_WARN_UNDECLARED_SELECTOR = YES;
				GCC_WARN_UNINITIALIZED_AUTOS = YES_AGGRESSIVE;
				GCC_WARN_UNUSED_FUNCTION = YES;
				GCC_WARN_UNUSED_VARIABLE = YES;
				IPHONEOS_DEPLOYMENT_TARGET = 15.5;
				MTL_ENABLE_DEBUG_INFO = INCLUDE_SOURCE;
				MTL_FAST_MATH = YES;
				ONLY_ACTIVE_ARCH = YES;
				SDKROOT = iphoneos;
				SWIFT_ACTIVE_COMPILATION_CONDITIONS = DEBUG;
				SWIFT_OPTIMIZATION_LEVEL = "-Onone";
			};
			name = Debug;
		};
		495997DE2887E575001A9E36 /* Release */ = {
			isa = XCBuildConfiguration;
			buildSettings = {
				ALWAYS_SEARCH_USER_PATHS = NO;
				CLANG_ANALYZER_NONNULL = YES;
				CLANG_ANALYZER_NUMBER_OBJECT_CONVERSION = YES_AGGRESSIVE;
				CLANG_CXX_LANGUAGE_STANDARD = "gnu++17";
				CLANG_ENABLE_MODULES = YES;
				CLANG_ENABLE_OBJC_ARC = YES;
				CLANG_ENABLE_OBJC_WEAK = YES;
				CLANG_WARN_BLOCK_CAPTURE_AUTORELEASING = YES;
				CLANG_WARN_BOOL_CONVERSION = YES;
				CLANG_WARN_COMMA = YES;
				CLANG_WARN_CONSTANT_CONVERSION = YES;
				CLANG_WARN_DEPRECATED_OBJC_IMPLEMENTATIONS = YES;
				CLANG_WARN_DIRECT_OBJC_ISA_USAGE = YES_ERROR;
				CLANG_WARN_DOCUMENTATION_COMMENTS = YES;
				CLANG_WARN_EMPTY_BODY = YES;
				CLANG_WARN_ENUM_CONVERSION = YES;
				CLANG_WARN_INFINITE_RECURSION = YES;
				CLANG_WARN_INT_CONVERSION = YES;
				CLANG_WARN_NON_LITERAL_NULL_CONVERSION = YES;
				CLANG_WARN_OBJC_IMPLICIT_RETAIN_SELF = YES;
				CLANG_WARN_OBJC_LITERAL_CONVERSION = YES;
				CLANG_WARN_OBJC_ROOT_CLASS = YES_ERROR;
				CLANG_WARN_QUOTED_INCLUDE_IN_FRAMEWORK_HEADER = YES;
				CLANG_WARN_RANGE_LOOP_ANALYSIS = YES;
				CLANG_WARN_STRICT_PROTOTYPES = YES;
				CLANG_WARN_SUSPICIOUS_MOVE = YES;
				CLANG_WARN_UNGUARDED_AVAILABILITY = YES_AGGRESSIVE;
				CLANG_WARN_UNREACHABLE_CODE = YES;
				CLANG_WARN__DUPLICATE_METHOD_MATCH = YES;
				COPY_PHASE_STRIP = NO;
				DEBUG_INFORMATION_FORMAT = "dwarf-with-dsym";
				ENABLE_NS_ASSERTIONS = NO;
				ENABLE_STRICT_OBJC_MSGSEND = YES;
				GCC_C_LANGUAGE_STANDARD = gnu11;
				GCC_NO_COMMON_BLOCKS = YES;
				GCC_WARN_64_TO_32_BIT_CONVERSION = YES;
				GCC_WARN_ABOUT_RETURN_TYPE = YES_ERROR;
				GCC_WARN_UNDECLARED_SELECTOR = YES;
				GCC_WARN_UNINITIALIZED_AUTOS = YES_AGGRESSIVE;
				GCC_WARN_UNUSED_FUNCTION = YES;
				GCC_WARN_UNUSED_VARIABLE = YES;
				IPHONEOS_DEPLOYMENT_TARGET = 15.5;
				MTL_ENABLE_DEBUG_INFO = NO;
				MTL_FAST_MATH = YES;
				SDKROOT = iphoneos;
				SWIFT_COMPILATION_MODE = wholemodule;
				SWIFT_OPTIMIZATION_LEVEL = "-O";
				VALIDATE_PRODUCT = YES;
			};
			name = Release;
		};
		495997E02887E575001A9E36 /* Debug */ = {
			isa = XCBuildConfiguration;
			baseConfigurationReference = 4241480758E021784152EAA0 /* Pods-DummyShop.debug.xcconfig */;
			buildSettings = {
				ASSETCATALOG_COMPILER_APPICON_NAME = AppIcon;
				ASSETCATALOG_COMPILER_GLOBAL_ACCENT_COLOR_NAME = AccentColor;
				CODE_SIGN_STYLE = Automatic;
				CURRENT_PROJECT_VERSION = 1;
				GENERATE_INFOPLIST_FILE = YES;
				INFOPLIST_FILE = Supports/Info.plist;
				INFOPLIST_KEY_UIApplicationSupportsIndirectInputEvents = YES;
				INFOPLIST_KEY_UILaunchStoryboardName = LaunchScreen;
				INFOPLIST_KEY_UIMainStoryboardFile = Root;
				INFOPLIST_KEY_UISupportedInterfaceOrientations = UIInterfaceOrientationPortrait;
				INFOPLIST_KEY_UISupportedInterfaceOrientations_iPad = "UIInterfaceOrientationPortrait UIInterfaceOrientationPortraitUpsideDown UIInterfaceOrientationLandscapeLeft UIInterfaceOrientationLandscapeRight";
				INFOPLIST_KEY_UISupportedInterfaceOrientations_iPhone = "UIInterfaceOrientationPortrait UIInterfaceOrientationLandscapeLeft UIInterfaceOrientationLandscapeRight";
				LD_RUNPATH_SEARCH_PATHS = (
					"$(inherited)",
					"@executable_path/Frameworks",
				);
				MARKETING_VERSION = 1.0.0;
				PRODUCT_BUNDLE_IDENTIFIER = "app.tinygram.dummy-shop";
				PRODUCT_NAME = "$(TARGET_NAME)";
				SWIFT_EMIT_LOC_STRINGS = YES;
				SWIFT_VERSION = 5.0;
				TARGETED_DEVICE_FAMILY = 1;
			};
			name = Debug;
		};
		495997E12887E575001A9E36 /* Release */ = {
			isa = XCBuildConfiguration;
			baseConfigurationReference = A4ADEF2154AFED69502A93B3 /* Pods-DummyShop.release.xcconfig */;
			buildSettings = {
				ASSETCATALOG_COMPILER_APPICON_NAME = AppIcon;
				ASSETCATALOG_COMPILER_GLOBAL_ACCENT_COLOR_NAME = AccentColor;
				CODE_SIGN_STYLE = Automatic;
				CURRENT_PROJECT_VERSION = 1;
				GENERATE_INFOPLIST_FILE = YES;
				INFOPLIST_FILE = Supports/Info.plist;
				INFOPLIST_KEY_UIApplicationSupportsIndirectInputEvents = YES;
				INFOPLIST_KEY_UILaunchStoryboardName = LaunchScreen;
				INFOPLIST_KEY_UIMainStoryboardFile = Root;
				INFOPLIST_KEY_UISupportedInterfaceOrientations = UIInterfaceOrientationPortrait;
				INFOPLIST_KEY_UISupportedInterfaceOrientations_iPad = "UIInterfaceOrientationPortrait UIInterfaceOrientationPortraitUpsideDown UIInterfaceOrientationLandscapeLeft UIInterfaceOrientationLandscapeRight";
				INFOPLIST_KEY_UISupportedInterfaceOrientations_iPhone = "UIInterfaceOrientationPortrait UIInterfaceOrientationLandscapeLeft UIInterfaceOrientationLandscapeRight";
				LD_RUNPATH_SEARCH_PATHS = (
					"$(inherited)",
					"@executable_path/Frameworks",
				);
				MARKETING_VERSION = 1.0.0;
				PRODUCT_BUNDLE_IDENTIFIER = "app.tinygram.dummy-shop";
				PRODUCT_NAME = "$(TARGET_NAME)";
				SWIFT_EMIT_LOC_STRINGS = YES;
				SWIFT_VERSION = 5.0;
				TARGETED_DEVICE_FAMILY = 1;
			};
			name = Release;
		};
/* End XCBuildConfiguration section */

/* Begin XCConfigurationList section */
		495997C62887E571001A9E36 /* Build configuration list for PBXProject "DummyShop" */ = {
			isa = XCConfigurationList;
			buildConfigurations = (
				495997DD2887E575001A9E36 /* Debug */,
				495997DE2887E575001A9E36 /* Release */,
			);
			defaultConfigurationIsVisible = 0;
			defaultConfigurationName = Release;
		};
		495997DF2887E575001A9E36 /* Build configuration list for PBXNativeTarget "DummyShop" */ = {
			isa = XCConfigurationList;
			buildConfigurations = (
				495997E02887E575001A9E36 /* Debug */,
				495997E12887E575001A9E36 /* Release */,
			);
			defaultConfigurationIsVisible = 0;
			defaultConfigurationName = Release;
		};
/* End XCConfigurationList section */
	};
	rootObject = 495997C32887E571001A9E36 /* Project object */;
}
